# THIS IS AN AUTOGENERATED FILE. DO NOT EDIT THIS FILE DIRECTLY.
# yarn lockfile v1


"@types/node@^8.10.11":
  version "8.10.11"
  resolved "https://registry.yarnpkg.com/@types/node/-/node-8.10.11.tgz#971ea8cb91adbe0b74e3fbd867dec192d5893a5f"

textbuilder@^1.0.3:
  version "1.0.3"
  resolved "https://registry.yarnpkg.com/textbuilder/-/textbuilder-1.0.3.tgz#ae1ac58f7870fbc15cb5f1dfb060f963a3bdc8b7"
